
Microsoft Visual Studio Solution File, Format Version 12.00
# Visual Studio Version 17
VisualStudioVersion = 17.14.36203.30 d17.14
MinimumVisualStudioVersion = 10.0.40219.1
Project("{FAE04EC0-301F-11D3-BF4B-00C04F79EFBC}") = "BraintechGames", "BraintechGames\BraintechGames.csproj", "{F34E59D0-3D82-4B19-A4C5-BD5AA3FDC70C}"
EndProject
Global
	GlobalSection(SolutionConfigurationPlatforms) = preSolution
		Debug|Any CPU = Debug|Any CPU
		Release|Any CPU = Release|Any CPU
	EndGlobalSection
	GlobalSection(ProjectConfigurationPlatforms) = postSolution
		{F34E59D0-3D82-4B19-A4C5-BD5AA3FDC70C}.Debug|Any CPU.ActiveCfg = Debug|Any CPU
		{F34E59D0-3D82-4B19-A4C5-BD5AA3FDC70C}.Debug|Any CPU.Build.0 = Debug|Any CPU
		{F34E59D0-3D82-4B19-A4C5-BD5AA3FDC70C}.Release|Any CPU.ActiveCfg = Release|Any CPU
		{F34E59D0-3D82-4B19-A4C5-BD5AA3FDC70C}.Release|Any CPU.Build.0 = Release|Any CPU
	EndGlobalSection
	GlobalSection(SolutionProperties) = preSolution
		HideSolutionNode = FALSE
	EndGlobalSection
	GlobalSection(ExtensibilityGlobals) = postSolution
		SolutionGuid = {A6243541-EB68-462A-8EA7-29A16D6ECF63}
	EndGlobalSection
EndGlobal
